
Microsoft Visual Studio Solution File, Format Version 12.00
# Visual Studio Version 17
VisualStudioVersion = 17.11.35303.130
MinimumVisualStudioVersion = 10.0.40219.1
Project("{FAE04EC0-301F-11D3-BF4B-00C04F79EFBC}") = "Boas-Vindas", "Boas-Vindas\Boas-Vindas.csproj", "{6BAC1DB3-C2C3-47B0-A08C-0F9C5C9FF324}"
EndProject
Global
	GlobalSection(SolutionConfigurationPlatforms) = preSolution
		Debug|Any CPU = Debug|Any CPU
		Release|Any CPU = Release|Any CPU
	EndGlobalSection
	GlobalSection(ProjectConfigurationPlatforms) = postSolution
		{6BAC1DB3-C2C3-47B0-A08C-0F9C5C9FF324}.Debug|Any CPU.ActiveCfg = Debug|Any CPU
		{6BAC1DB3-C2C3-47B0-A08C-0F9C5C9FF324}.Debug|Any CPU.Build.0 = Debug|Any CPU
		{6BAC1DB3-C2C3-47B0-A08C-0F9C5C9FF324}.Release|Any CPU.ActiveCfg = Release|Any CPU
		{6BAC1DB3-C2C3-47B0-A08C-0F9C5C9FF324}.Release|Any CPU.Build.0 = Release|Any CPU
	EndGlobalSection
	GlobalSection(SolutionProperties) = preSolution
		HideSolutionNode = FALSE
	EndGlobalSection
	GlobalSection(ExtensibilityGlobals) = postSolution
		SolutionGuid = {F7A90E20-819C-489A-834C-157FD7E1B672}
	EndGlobalSection
EndGlobal
